
Microsoft Visual Studio Solution File, Format Version 12.00
# Visual Studio Version 17
VisualStudioVersion = 17.2.32616.157
MinimumVisualStudioVersion = 10.0.40219.1
Project("{FAE04EC0-301F-11D3-BF4B-00C04F79EFBC}") = "MarsRovers.ConsoleApp", "MarsRovers.ConsoleApp\MarsRovers.ConsoleApp.csproj", "{002E5220-0591-4D18-A35C-CB64BA52EBF2}"
EndProject
Project("{FAE04EC0-301F-11D3-BF4B-00C04F79EFBC}") = "MarsRovers.Domain", "MarsRovers.Domain\MarsRovers.Domain.csproj", "{8B7845E1-D368-4DAF-A2FC-2AE291DF37EE}"
EndProject
Project("{2150E333-8FDC-42A3-9474-1A3956D46DE8}") = "Solution Items", "Solution Items", "{3F4E067F-46B1-4716-A3AA-AD156874B313}"
	ProjectSection(SolutionItems) = preProject
		.editorconfig = .editorconfig
		README.md = README.md
	EndProjectSection
EndProject
Project("{FAE04EC0-301F-11D3-BF4B-00C04F79EFBC}") = "MarsRovers.ConsoleApp.Tests", "MarsRovers.ConsoleApp.Tests\MarsRovers.ConsoleApp.Tests.csproj", "{31F16DBB-6596-494A-811A-D0BCA5E70B5D}"
EndProject
Project("{FAE04EC0-301F-11D3-BF4B-00C04F79EFBC}") = "MarsRovers.Domain.Tests", "MarsRovers.Domain.Tests\MarsRovers.Domain.Tests.csproj", "{588C59D0-E425-41C8-85EE-2146EB0274A5}"
EndProject
Global
	GlobalSection(SolutionConfigurationPlatforms) = preSolution
		Debug|Any CPU = Debug|Any CPU
		Release|Any CPU = Release|Any CPU
	EndGlobalSection
	GlobalSection(ProjectConfigurationPlatforms) = postSolution
		{002E5220-0591-4D18-A35C-CB64BA52EBF2}.Debug|Any CPU.ActiveCfg = Debug|Any CPU
		{002E5220-0591-4D18-A35C-CB64BA52EBF2}.Debug|Any CPU.Build.0 = Debug|Any CPU
		{002E5220-0591-4D18-A35C-CB64BA52EBF2}.Release|Any CPU.ActiveCfg = Release|Any CPU
		{002E5220-0591-4D18-A35C-CB64BA52EBF2}.Release|Any CPU.Build.0 = Release|Any CPU
		{8B7845E1-D368-4DAF-A2FC-2AE291DF37EE}.Debug|Any CPU.ActiveCfg = Debug|Any CPU
		{8B7845E1-D368-4DAF-A2FC-2AE291DF37EE}.Debug|Any CPU.Build.0 = Debug|Any CPU
		{8B7845E1-D368-4DAF-A2FC-2AE291DF37EE}.Release|Any CPU.ActiveCfg = Release|Any CPU
		{8B7845E1-D368-4DAF-A2FC-2AE291DF37EE}.Release|Any CPU.Build.0 = Release|Any CPU
		{31F16DBB-6596-494A-811A-D0BCA5E70B5D}.Debug|Any CPU.ActiveCfg = Debug|Any CPU
		{31F16DBB-6596-494A-811A-D0BCA5E70B5D}.Debug|Any CPU.Build.0 = Debug|Any CPU
		{31F16DBB-6596-494A-811A-D0BCA5E70B5D}.Release|Any CPU.ActiveCfg = Release|Any CPU
		{31F16DBB-6596-494A-811A-D0BCA5E70B5D}.Release|Any CPU.Build.0 = Release|Any CPU
		{588C59D0-E425-41C8-85EE-2146EB0274A5}.Debug|Any CPU.ActiveCfg = Debug|Any CPU
		{588C59D0-E425-41C8-85EE-2146EB0274A5}.Debug|Any CPU.Build.0 = Debug|Any CPU
		{588C59D0-E425-41C8-85EE-2146EB0274A5}.Release|Any CPU.ActiveCfg = Release|Any CPU
		{588C59D0-E425-41C8-85EE-2146EB0274A5}.Release|Any CPU.Build.0 = Release|Any CPU
	EndGlobalSection
	GlobalSection(SolutionProperties) = preSolution
		HideSolutionNode = FALSE
	EndGlobalSection
	GlobalSection(ExtensibilityGlobals) = postSolution
		SolutionGuid = {AF871BB1-E953-403E-B744-C3DB0EE104F0}
	EndGlobalSection
EndGlobal
